
Microsoft Visual Studio Solution File, Format Version 12.00
# Visual Studio Version 17
VisualStudioVersion = 17.7.34018.315
MinimumVisualStudioVersion = 10.0.40219.1
Project("{FAE04EC0-301F-11D3-BF4B-00C04F79EFBC}") = "Act6_DamiersEx2VictorPholien", "Act6_DamiersEx2VictorPholien\Act6_DamiersEx2VictorPholien.csproj", "{6511C9C0-7D27-473C-BD7C-B06F235E173B}"
EndProject
Global
	GlobalSection(SolutionConfigurationPlatforms) = preSolution
		Debug|Any CPU = Debug|Any CPU
		Release|Any CPU = Release|Any CPU
	EndGlobalSection
	GlobalSection(ProjectConfigurationPlatforms) = postSolution
		{6511C9C0-7D27-473C-BD7C-B06F235E173B}.Debug|Any CPU.ActiveCfg = Debug|Any CPU
		{6511C9C0-7D27-473C-BD7C-B06F235E173B}.Debug|Any CPU.Build.0 = Debug|Any CPU
		{6511C9C0-7D27-473C-BD7C-B06F235E173B}.Release|Any CPU.ActiveCfg = Release|Any CPU
		{6511C9C0-7D27-473C-BD7C-B06F235E173B}.Release|Any CPU.Build.0 = Release|Any CPU
	EndGlobalSection
	GlobalSection(SolutionProperties) = preSolution
		HideSolutionNode = FALSE
	EndGlobalSection
	GlobalSection(ExtensibilityGlobals) = postSolution
		SolutionGuid = {75BD0820-EEB8-4775-9D23-DCC8AFB94852}
	EndGlobalSection
EndGlobal
